
Microsoft Visual Studio Solution File, Format Version 12.00
# Visual Studio 15
VisualStudioVersion = 15.0.28010.2046
MinimumVisualStudioVersion = 10.0.40219.1
Project("{FAE04EC0-301F-11D3-BF4B-00C04F79EFBC}") = "calk_adress", "calk_adress\calk_adress.csproj", "{77125499-8010-4A99-8EE0-F7EF0CA24665}"
EndProject
Global
	GlobalSection(SolutionConfigurationPlatforms) = preSolution
		Debug|Any CPU = Debug|Any CPU
		Release|Any CPU = Release|Any CPU
	EndGlobalSection
	GlobalSection(ProjectConfigurationPlatforms) = postSolution
		{77125499-8010-4A99-8EE0-F7EF0CA24665}.Debug|Any CPU.ActiveCfg = Debug|Any CPU
		{77125499-8010-4A99-8EE0-F7EF0CA24665}.Debug|Any CPU.Build.0 = Debug|Any CPU
		{77125499-8010-4A99-8EE0-F7EF0CA24665}.Release|Any CPU.ActiveCfg = Release|Any CPU
		{77125499-8010-4A99-8EE0-F7EF0CA24665}.Release|Any CPU.Build.0 = Release|Any CPU
	EndGlobalSection
	GlobalSection(SolutionProperties) = preSolution
		HideSolutionNode = FALSE
	EndGlobalSection
	GlobalSection(ExtensibilityGlobals) = postSolution
		SolutionGuid = {3CE394A8-E6E7-4B09-AB4D-23AB5BC447BA}
	EndGlobalSection
EndGlobal
